
Microsoft Visual Studio Solution File, Format Version 12.00
# Visual Studio 15
VisualStudioVersion = 15.0.26124.0
MinimumVisualStudioVersion = 15.0.26124.0
Project("{FAE04EC0-301F-11D3-BF4B-00C04F79EFBC}") = "Northwind.EntitiesLayer", "Northwind.EntitiesLayer\Northwind.EntitiesLayer.csproj", "{24D214E5-0C6A-4ED8-9123-40B07121F49F}"
EndProject
Project("{FAE04EC0-301F-11D3-BF4B-00C04F79EFBC}") = "Northwind.BusinessLayer", "Northwind.BusinessLayer\Northwind.BusinessLayer.csproj", "{E69E33C2-7D3D-4F4B-945E-739CE1CC5763}"
EndProject
Project("{FAE04EC0-301F-11D3-BF4B-00C04F79EFBC}") = "Northwind.DataAccessLayer", "Northwind.DataAccessLayer\Northwind.DataAccessLayer.csproj", "{9E3D9CFF-4774-45D6-9170-1EB7CB2634B5}"
EndProject
Project("{FAE04EC0-301F-11D3-BF4B-00C04F79EFBC}") = "Northwind.Core", "Northwind.Core\Northwind.Core.csproj", "{49D5EC98-BE85-4450-8B49-C51121F4AA11}"
EndProject
Project("{FAE04EC0-301F-11D3-BF4B-00C04F79EFBC}") = "Northwind.Api", "Northwind.Api\Northwind.Api.csproj", "{12844EA8-09E0-4A1D-A891-4E7F02C22A03}"
EndProject
Global
	GlobalSection(SolutionConfigurationPlatforms) = preSolution
		Debug|Any CPU = Debug|Any CPU
		Debug|x64 = Debug|x64
		Debug|x86 = Debug|x86
		Release|Any CPU = Release|Any CPU
		Release|x64 = Release|x64
		Release|x86 = Release|x86
	EndGlobalSection
	GlobalSection(SolutionProperties) = preSolution
		HideSolutionNode = FALSE
	EndGlobalSection
	GlobalSection(ProjectConfigurationPlatforms) = postSolution
		{24D214E5-0C6A-4ED8-9123-40B07121F49F}.Debug|Any CPU.ActiveCfg = Debug|Any CPU
		{24D214E5-0C6A-4ED8-9123-40B07121F49F}.Debug|Any CPU.Build.0 = Debug|Any CPU
		{24D214E5-0C6A-4ED8-9123-40B07121F49F}.Debug|x64.ActiveCfg = Debug|Any CPU
		{24D214E5-0C6A-4ED8-9123-40B07121F49F}.Debug|x64.Build.0 = Debug|Any CPU
		{24D214E5-0C6A-4ED8-9123-40B07121F49F}.Debug|x86.ActiveCfg = Debug|Any CPU
		{24D214E5-0C6A-4ED8-9123-40B07121F49F}.Debug|x86.Build.0 = Debug|Any CPU
		{24D214E5-0C6A-4ED8-9123-40B07121F49F}.Release|Any CPU.ActiveCfg = Release|Any CPU
		{24D214E5-0C6A-4ED8-9123-40B07121F49F}.Release|Any CPU.Build.0 = Release|Any CPU
		{24D214E5-0C6A-4ED8-9123-40B07121F49F}.Release|x64.ActiveCfg = Release|Any CPU
		{24D214E5-0C6A-4ED8-9123-40B07121F49F}.Release|x64.Build.0 = Release|Any CPU
		{24D214E5-0C6A-4ED8-9123-40B07121F49F}.Release|x86.ActiveCfg = Release|Any CPU
		{24D214E5-0C6A-4ED8-9123-40B07121F49F}.Release|x86.Build.0 = Release|Any CPU
		{E69E33C2-7D3D-4F4B-945E-739CE1CC5763}.Debug|Any CPU.ActiveCfg = Debug|Any CPU
		{E69E33C2-7D3D-4F4B-945E-739CE1CC5763}.Debug|Any CPU.Build.0 = Debug|Any CPU
		{E69E33C2-7D3D-4F4B-945E-739CE1CC5763}.Debug|x64.ActiveCfg = Debug|Any CPU
		{E69E33C2-7D3D-4F4B-945E-739CE1CC5763}.Debug|x64.Build.0 = Debug|Any CPU
		{E69E33C2-7D3D-4F4B-945E-739CE1CC5763}.Debug|x86.ActiveCfg = Debug|Any CPU
		{E69E33C2-7D3D-4F4B-945E-739CE1CC5763}.Debug|x86.Build.0 = Debug|Any CPU
		{E69E33C2-7D3D-4F4B-945E-739CE1CC5763}.Release|Any CPU.ActiveCfg = Release|Any CPU
		{E69E33C2-7D3D-4F4B-945E-739CE1CC5763}.Release|Any CPU.Build.0 = Release|Any CPU
		{E69E33C2-7D3D-4F4B-945E-739CE1CC5763}.Release|x64.ActiveCfg = Release|Any CPU
		{E69E33C2-7D3D-4F4B-945E-739CE1CC5763}.Release|x64.Build.0 = Release|Any CPU
		{E69E33C2-7D3D-4F4B-945E-739CE1CC5763}.Release|x86.ActiveCfg = Release|Any CPU
		{E69E33C2-7D3D-4F4B-945E-739CE1CC5763}.Release|x86.Build.0 = Release|Any CPU
		{9E3D9CFF-4774-45D6-9170-1EB7CB2634B5}.Debug|Any CPU.ActiveCfg = Debug|Any CPU
		{9E3D9CFF-4774-45D6-9170-1EB7CB2634B5}.Debug|Any CPU.Build.0 = Debug|Any CPU
		{9E3D9CFF-4774-45D6-9170-1EB7CB2634B5}.Debug|x64.ActiveCfg = Debug|Any CPU
		{9E3D9CFF-4774-45D6-9170-1EB7CB2634B5}.Debug|x64.Build.0 = Debug|Any CPU
		{9E3D9CFF-4774-45D6-9170-1EB7CB2634B5}.Debug|x86.ActiveCfg = Debug|Any CPU
		{9E3D9CFF-4774-45D6-9170-1EB7CB2634B5}.Debug|x86.Build.0 = Debug|Any CPU
		{9E3D9CFF-4774-45D6-9170-1EB7CB2634B5}.Release|Any CPU.ActiveCfg = Release|Any CPU
		{9E3D9CFF-4774-45D6-9170-1EB7CB2634B5}.Release|Any CPU.Build.0 = Release|Any CPU
		{9E3D9CFF-4774-45D6-9170-1EB7CB2634B5}.Release|x64.ActiveCfg = Release|Any CPU
		{9E3D9CFF-4774-45D6-9170-1EB7CB2634B5}.Release|x64.Build.0 = Release|Any CPU
		{9E3D9CFF-4774-45D6-9170-1EB7CB2634B5}.Release|x86.ActiveCfg = Release|Any CPU
		{9E3D9CFF-4774-45D6-9170-1EB7CB2634B5}.Release|x86.Build.0 = Release|Any CPU
		{49D5EC98-BE85-4450-8B49-C51121F4AA11}.Debug|Any CPU.ActiveCfg = Debug|Any CPU
		{49D5EC98-BE85-4450-8B49-C51121F4AA11}.Debug|Any CPU.Build.0 = Debug|Any CPU
		{49D5EC98-BE85-4450-8B49-C51121F4AA11}.Debug|x64.ActiveCfg = Debug|Any CPU
		{49D5EC98-BE85-4450-8B49-C51121F4AA11}.Debug|x64.Build.0 = Debug|Any CPU
		{49D5EC98-BE85-4450-8B49-C51121F4AA11}.Debug|x86.ActiveCfg = Debug|Any CPU
		{49D5EC98-BE85-4450-8B49-C51121F4AA11}.Debug|x86.Build.0 = Debug|Any CPU
		{49D5EC98-BE85-4450-8B49-C51121F4AA11}.Release|Any CPU.ActiveCfg = Release|Any CPU
		{49D5EC98-BE85-4450-8B49-C51121F4AA11}.Release|Any CPU.Build.0 = Release|Any CPU
		{49D5EC98-BE85-4450-8B49-C51121F4AA11}.Release|x64.ActiveCfg = Release|Any CPU
		{49D5EC98-BE85-4450-8B49-C51121F4AA11}.Release|x64.Build.0 = Release|Any CPU
		{49D5EC98-BE85-4450-8B49-C51121F4AA11}.Release|x86.ActiveCfg = Release|Any CPU
		{49D5EC98-BE85-4450-8B49-C51121F4AA11}.Release|x86.Build.0 = Release|Any CPU
		{12844EA8-09E0-4A1D-A891-4E7F02C22A03}.Debug|Any CPU.ActiveCfg = Debug|Any CPU
		{12844EA8-09E0-4A1D-A891-4E7F02C22A03}.Debug|Any CPU.Build.0 = Debug|Any CPU
		{12844EA8-09E0-4A1D-A891-4E7F02C22A03}.Debug|x64.ActiveCfg = Debug|Any CPU
		{12844EA8-09E0-4A1D-A891-4E7F02C22A03}.Debug|x64.Build.0 = Debug|Any CPU
		{12844EA8-09E0-4A1D-A891-4E7F02C22A03}.Debug|x86.ActiveCfg = Debug|Any CPU
		{12844EA8-09E0-4A1D-A891-4E7F02C22A03}.Debug|x86.Build.0 = Debug|Any CPU
		{12844EA8-09E0-4A1D-A891-4E7F02C22A03}.Release|Any CPU.ActiveCfg = Release|Any CPU
		{12844EA8-09E0-4A1D-A891-4E7F02C22A03}.Release|Any CPU.Build.0 = Release|Any CPU
		{12844EA8-09E0-4A1D-A891-4E7F02C22A03}.Release|x64.ActiveCfg = Release|Any CPU
		{12844EA8-09E0-4A1D-A891-4E7F02C22A03}.Release|x64.Build.0 = Release|Any CPU
		{12844EA8-09E0-4A1D-A891-4E7F02C22A03}.Release|x86.ActiveCfg = Release|Any CPU
		{12844EA8-09E0-4A1D-A891-4E7F02C22A03}.Release|x86.Build.0 = Release|Any CPU
	EndGlobalSection
EndGlobal
